
Microsoft Visual Studio Solution File, Format Version 12.00
# Visual Studio 15
VisualStudioVersion = 15.0.28010.2019
MinimumVisualStudioVersion = 10.0.40219.1
Project("{FAE04EC0-301F-11D3-BF4B-00C04F79EFBC}") = "SampleApplication.API", "SampleApplication.API\SampleApplication.API.csproj", "{2A499CCC-E53A-4208-94ED-F8CC8CFBDFBE}"
EndProject
Global
	GlobalSection(SolutionConfigurationPlatforms) = preSolution
		Debug|Any CPU = Debug|Any CPU
		Release|Any CPU = Release|Any CPU
	EndGlobalSection
	GlobalSection(ProjectConfigurationPlatforms) = postSolution
		{2A499CCC-E53A-4208-94ED-F8CC8CFBDFBE}.Debug|Any CPU.ActiveCfg = Debug|Any CPU
		{2A499CCC-E53A-4208-94ED-F8CC8CFBDFBE}.Debug|Any CPU.Build.0 = Debug|Any CPU
		{2A499CCC-E53A-4208-94ED-F8CC8CFBDFBE}.Release|Any CPU.ActiveCfg = Release|Any CPU
		{2A499CCC-E53A-4208-94ED-F8CC8CFBDFBE}.Release|Any CPU.Build.0 = Release|Any CPU
	EndGlobalSection
	GlobalSection(SolutionProperties) = preSolution
		HideSolutionNode = FALSE
	EndGlobalSection
	GlobalSection(ExtensibilityGlobals) = postSolution
		SolutionGuid = {3A06FAC5-CD2F-422C-A752-D580A268E167}
	EndGlobalSection
EndGlobal
